hash: 1e59c34a9a4d742ef75300f85bf8056abdfdb4d1a4dc286d2286f520ee0cb9e0
updated: 2017-04-06T16:59:19.384684068+02:00
imports:
- name: github.com/containers/image
  version: cb1908f14e99f5f26bf30d8786bbae71bbd4bd4a
  subpackages:
  - copy
  - directory/explicitfilepath
  - docker
  - docker/policyconfiguration
  - docker/reference
  - image
  - image/copy
  - image/docker
  - image/docker/reference
  - image/oci/layout
  - image/signature
  - manifest
  - oci/layout
  - pkg/compression
  - signature
  - transports
  - types
  - version
- name: github.com/containers/storage
  version: ff48947baaf205756dd67a00ac688d694a778ef6
  subpackages:
  - pkg/homedir
- name: github.com/docker/distribution
  version: 0700fa570d7bcc1b3e46ee127c4489fd25f4daa3
  subpackages:
  - context
  - digestset
  - reference
  - registry/api/errcode
  - registry/api/v2
  - registry/client
  - registry/client/auth/challenge
  - registry/client/transport
  - registry/storage/cache
  - registry/storage/cache/memory
  - uuid
- name: github.com/docker/docker
  version: fa3e2d5ab9b577cecd24201902bbe72b3f1b851c
  subpackages:
  - api/types/strslice
- name: github.com/docker/go-connections
  version: e15c02316c12de00874640cd76311849de2aeed5
  subpackages:
  - sockets
  - tlsconfig
- name: github.com/docker/libtrust
  version: aabc10ec26b754e797f9028f4589c5b7bd90dc20
- name: github.com/fsnotify/fsnotify
  version: 4da3e2cfbabc9f751898f250b49f2439785783a1
- name: github.com/ghodss/yaml
  version: 0ca9ea5df5451ffdf184b4428c902747c2c11cd7
- name: github.com/gorilla/context
  version: 08b5f424b9271eedf6f9f0ce86cb9396ed337a42
- name: github.com/gorilla/mux
  version: 599cba5e7b6137d46ddf58fb1765f5d928e69604
- name: github.com/hashicorp/hcl
  version: 630949a3c5fa3c613328e1b8256052cbc2327c9b
  subpackages:
  - hcl/ast
  - hcl/parser
  - hcl/scanner
  - hcl/strconv
  - hcl/token
  - json/parser
  - json/scanner
  - json/token
- name: github.com/inconshreveable/mousetrap
  version: 76626ae9c91c4f2a10f34cad8ce83ea42c93bb75
- name: github.com/magiconair/properties
  version: 51463bfca2576e06c62a8504b5c0f06d61312647
- name: github.com/mattn/go-runewidth
  version: 14207d285c6c197daabb5c9793d63e7af9ab2d50
- name: github.com/Microsoft/go-winio
  version: fff283ad5116362ca252298cfc9b95828956d85d
- name: github.com/mitchellh/mapstructure
  version: 53818660ed4955e899c0bcafa97299a388bd7c8e
- name: github.com/mtrmac/gpgme
  version: b2432428689ca58c2b8e8dea9449d3295cf96fc9
- name: github.com/opencontainers/go-digest
  version: aa2ec055abd10d26d539eb630a92241b781ce4bc
- name: github.com/opencontainers/image-spec
  version: 86308139a22b005bfda7b2e49c02fade937b4180
  subpackages:
  - schema
  - specs-go
  - specs-go/v1
- name: github.com/opencontainers/runc
  version: f990e58f26ab48367284f4a4e21bb95d641cde19
  subpackages:
  - libcontainer/user
- name: github.com/opencontainers/runtime-spec
  version: 339eba52400dde8732b03e32624607a4517a556c
  subpackages:
  - specs-go
- name: github.com/pelletier/go-buffruneio
  version: c37440a7cf42ac63b919c752ca73a85067e05992
- name: github.com/pelletier/go-toml
  version: fe206efb84b2bc8e8cfafe6b4c1826622be969e3
- name: github.com/pkg/errors
  version: 645ef00459ed84a119197bfb8d8205042c6df63d
- name: github.com/Sirupsen/logrus
  version: 0208149b40d863d2c1a2f8fe5753096a9cf2cc8b
- name: github.com/spf13/afero
  version: 9be650865eab0c12963d8753212f4f9c66cdcf12
  subpackages:
  - mem
- name: github.com/spf13/cast
  version: ce135a4ebeee6cfe9a26c93ee0d37825f26113c7
- name: github.com/spf13/cobra
  version: 16c014f1a19d865b765b420e74508f80eb831ada
- name: github.com/spf13/jwalterweatherman
  version: fa7ca7e836cf3a8bb4ebf799f472c12d7e903d66
- name: github.com/spf13/pflag
  version: 9ff6c6923cfffbcd502984b8e0c80539a94968b7
- name: github.com/spf13/viper
  version: 7538d73b4eb9511d85a9f1dfef202eeb8ac260f4
- name: github.com/squeed/image-tools
  version: 1362349744a6bd686869b56766765c3234278b6c
  subpackages:
  - image
- name: github.com/xeipuuv/gojsonpointer
  version: 6fe8760cad3569743d51ddbb243b26f8456742dc
- name: github.com/xeipuuv/gojsonreference
  version: e02fc20de94c78484cd5ffb007f8af96be030a45
- name: github.com/xeipuuv/gojsonschema
  version: 702b404897d4364af44dc8dcabc9815947942325
- name: go4.org
  version: 169ea6cabe2a4888dba958edaecc9e9751adc711
  subpackages:
  - errorutil
- name: golang.org/x/crypto
  version: c2303dcbe84172e0c0da4c9f083eeca54c06f298
  subpackages:
  - cast5
  - openpgp
  - openpgp/armor
  - openpgp/elgamal
  - openpgp/errors
  - openpgp/packet
  - openpgp/s2k
- name: golang.org/x/net
  version: ffcf1bedda3b04ebb15a168a59800a73d6dc0f4d
  subpackages:
  - context
  - proxy
- name: golang.org/x/sys
  version: 39e3dc274464e7d2f663aa606a830611bae5f1db
  subpackages:
  - unix
  - windows
- name: golang.org/x/text
  version: f4b4367115ec2de254587813edaa901bc1c723a8
  subpackages:
  - transform
  - unicode/norm
- name: gopkg.in/cheggaaa/pb.v1
  version: 0817e3a1f8de9e3c78b159699b3c07d53e24a963
- name: gopkg.in/yaml.v2
  version: a3f3340b5840cee44f372bddb5880fcbc419b46a
testImports: []
